{
  "name": "@oracle/oraclejet",
  "version": "4.2.0",
  "lockfileVersion": 1,
  "requires": true,
  "dependencies": {
    "@oracle/oraclejet": {
      "version": "4.2.0",
      "resolved": "https://registry.npmjs.org/@oracle/oraclejet/-/oraclejet-4.2.0.tgz",
      "integrity": "sha1-Zq9T6IsqmMgPo5O1xKn15H41irU=",
      "requires": {
        "@webcomponents/custom-elements": "1.0.0",
        "es6-promise": "4.0.5",
        "hammerjs": "2.0.8",
        "jquery": "3.1.1",
        "jquery-ui": "1.12.0",
        "knockout": "3.4.0",
        "proj4": "2.3.14",
        "require-css": "0.1.8",
        "requirejs": "2.3.3",
        "requirejs-text": "2.0.15",
        "signals": "1.0.0"
      }
    },
    "@webcomponents/custom-elements": {
      "version": "1.0.0",
      "resolved": "https://registry.npmjs.org/@webcomponents/custom-elements/-/custom-elements-1.0.0.tgz",
      "integrity": "sha1-sXJuEgdLVWqjG5Pzb/agOkNSWcQ="
    },
    "es6-promise": {
      "version": "4.0.5",
      "resolved": "https://registry.npmjs.org/es6-promise/-/es6-promise-4.0.5.tgz",
      "integrity": "sha1-eILzCt3lskDM+n99eMVIMwlRrkI="
    },
    "hammerjs": {
      "version": "2.0.8",
      "resolved": "https://registry.npmjs.org/hammerjs/-/hammerjs-2.0.8.tgz",
      "integrity": "sha1-BO93hiz/K7edMPdpIJWTAiK/YPE="
    },
    "jquery": {
      "version": "3.1.1",
      "resolved": "https://registry.npmjs.org/jquery/-/jquery-3.1.1.tgz",
      "integrity": "sha1-NHwcIcfgBBFeCk2jLOzgQfrTyKM="
    },
    "jquery-ui": {
      "version": "1.12.0",
      "resolved": "https://registry.npmjs.org/jquery-ui/-/jquery-ui-1.12.0.tgz",
      "integrity": "sha1-WcYDei2cV+miUhqbeklxFtQbQkY="
    },
    "knockout": {
      "version": "3.4.0",
      "resolved": "https://registry.npmjs.org/knockout/-/knockout-3.4.0.tgz",
      "integrity": "sha1-WdcmGBWhHrfBo/PHB3yomKRMqts="
    },
    "mgrs": {
      "version": "0.0.3",
      "resolved": "https://registry.npmjs.org/mgrs/-/mgrs-0.0.3.tgz",
      "integrity": "sha1-MFjTiukuGr+/dLMqj2y1IlpuqgU="
    },
    "proj4": {
      "version": "2.3.14",
      "resolved": "https://registry.npmjs.org/proj4/-/proj4-2.3.14.tgz",
      "integrity": "sha1-kokGFEOImAyRTFo1f8STq6WadHo=",
      "requires": {
        "mgrs": "0.0.3"
      }
    },
    "require-css": {
      "version": "0.1.8",
      "resolved": "https://registry.npmjs.org/require-css/-/require-css-0.1.8.tgz",
      "integrity": "sha1-8uhnu48fTaG3/ucbgZv6PCa5BO8="
    },
    "requirejs": {
      "version": "2.3.3",
      "resolved": "https://registry.npmjs.org/requirejs/-/requirejs-2.3.3.tgz",
      "integrity": "sha1-qln9OgKH6vQHlZoTgigES13WpqM="
    },
    "requirejs-text": {
      "version": "2.0.15",
      "resolved": "https://registry.npmjs.org/requirejs-text/-/requirejs-text-2.0.15.tgz",
      "integrity": "sha1-ExOHM2E/xEV7fhJH6Mt1HfeqVCk="
    },
    "signals": {
      "version": "1.0.0",
      "resolved": "https://registry.npmjs.org/signals/-/signals-1.0.0.tgz",
      "integrity": "sha1-ZfDBWZNSs1Ny7KrlolDmEHN27Wk="
    }
  }
}
